<?xml version="1.0" encoding="utf-8"?>
<Project ToolsVersion="4.0" xmlns="http://schemas.microsoft.com/developer/msbuild/2003">
  <ItemGroup>
    <Filter Include="GUI">
      <UniqueIdentifier>{202b519b-b5e0-499f-b3b8-ed5da144b248}</UniqueIdentifier>
    </Filter>
    <Filter Include="GUI\CCControlExtension">
      <UniqueIdentifier>{c07abd14-e9dd-4e2d-85c4-a180070161b4}</UniqueIdentifier>
    </Filter>
    <Filter Include="GUI\CCScrollView">
      <UniqueIdentifier>{46797895-f71d-4ddb-b381-d0884e678d39}</UniqueIdentifier>
    </Filter>
    <Filter Include="GUI\CCEditBox">
      <UniqueIdentifier>{5d186e3d-0aaf-4904-a5d8-e5cb0f35f4cc}</UniqueIdentifier>
    </Filter>
    <Filter Include="CocoStudio">
      <UniqueIdentifier>{7346f72d-135b-444d-bd97-df94b059a7d2}</UniqueIdentifier>
    </Filter>
    <Filter Include="CocoStudio\GUI">
      <UniqueIdentifier>{7c0e5ae6-3c79-4393-b08e-6a87e2d94bea}</UniqueIdentifier>
    </Filter>
    <Filter Include="CocoStudio\Armature">
      <UniqueIdentifier>{0f60f39f-9b10-4467-a225-185f3f415178}</UniqueIdentifier>
    </Filter>
    <Filter Include="CocoStudio\Armature\animation">
      <UniqueIdentifier>{51c61acc-c747-467f-98fd-efaffcd3c08e}</UniqueIdentifier>
    </Filter>
    <Filter Include="CocoStudio\Armature\datas">
      <UniqueIdentifier>{11ef4ae0-09b2-4a19-9b64-0d418290e1f8}</UniqueIdentifier>
    </Filter>
    <Filter Include="CocoStudio\Armature\display">
      <UniqueIdentifier>{3fda7368-8032-4981-a827-1b29f99465cd}</UniqueIdentifier>
    </Filter>
    <Filter Include="CocoStudio\Armature\external_tool">
      <UniqueIdentifier>{72c75e5e-285d-4adc-9b59-3abaefa728ac}</UniqueIdentifier>
    </Filter>
    <Filter Include="CocoStudio\Armature\physics">
      <UniqueIdentifier>{c056b34a-67d1-40bb-854d-0eecdc1997ab}</UniqueIdentifier>
    </Filter>
    <Filter Include="CocoStudio\Armature\utils">
      <UniqueIdentifier>{7c14020f-5f6d-49fa-a925-35016f433865}</UniqueIdentifier>
    </Filter>
    <Filter Include="CocoStudio\GUI\BaseClasses">
      <UniqueIdentifier>{630839cb-5841-4b54-b024-a910ed9d9e79}</UniqueIdentifier>
    </Filter>
    <Filter Include="CocoStudio\GUI\Layouts">
      <UniqueIdentifier>{614cca59-b5da-4293-b9c0-dacbd8a6b132}</UniqueIdentifier>
    </Filter>
    <Filter Include="CocoStudio\GUI\System">
      <UniqueIdentifier>{09fbf999-0d3f-46fa-b811-364bc07ce8c1}</UniqueIdentifier>
    </Filter>
    <Filter Include="CocoStudio\GUI\UIWidgets">
      <UniqueIdentifier>{431f8634-1569-44bb-9e6d-5b0b325984c7}</UniqueIdentifier>
    </Filter>
    <Filter Include="CocoStudio\GUI\UIWidgets\Compatible">
      <UniqueIdentifier>{35bd0b58-f27b-4896-b38c-d7f162b1c2a7}</UniqueIdentifier>
    </Filter>
    <Filter Include="CocoStudio\GUI\UIWidgets\ScrollWidget">
      <UniqueIdentifier>{8a67956e-13f6-4212-9b5a-d61cba2c1c63}</UniqueIdentifier>
    </Filter>
    <Filter Include="support">
      <UniqueIdentifier>{25142d72-4458-41a3-b559-4a30d33d816c}</UniqueIdentifier>
    </Filter>
  </ItemGroup>
  <ItemGroup>
    <ClCompile Include="..\GUI\CCScrollView\CCScrollView.cpp">
      <Filter>GUI\CCScrollView</Filter>
    </ClCompile>
    <ClCompile Include="..\GUI\CCScrollView\CCSorting.cpp">
      <Filter>GUI\CCScrollView</Filter>
    </ClCompile>
    <ClCompile Include="..\GUI\CCScrollView\CCTableView.cpp">
      <Filter>GUI\CCScrollView</Filter>
    </ClCompile>
    <ClCompile Include="..\GUI\CCScrollView\CCTableViewCell.cpp">
      <Filter>GUI\CCScrollView</Filter>
    </ClCompile>
    <ClCompile Include="..\GUI\CCControlExtension\CCControlColourPicker.cpp">
      <Filter>GUI\CCControlExtension</Filter>
    </ClCompile>
    <ClCompile Include="..\GUI\CCControlExtension\CCControlHuePicker.cpp">
      <Filter>GUI\CCControlExtension</Filter>
    </ClCompile>
    <ClCompile Include="..\GUI\CCControlExtension\CCControlPotentiometer.cpp">
      <Filter>GUI\CCControlExtension</Filter>
    </ClCompile>
    <ClCompile Include="..\GUI\CCControlExtension\CCControlSaturationBrightnessPicker.cpp">
      <Filter>GUI\CCControlExtension</Filter>
    </ClCompile>
    <ClCompile Include="..\GUI\CCControlExtension\CCControlSlider.cpp">
      <Filter>GUI\CCControlExtension</Filter>
    </ClCompile>
    <ClCompile Include="..\GUI\CCControlExtension\CCControlStepper.cpp">
      <Filter>GUI\CCControlExtension</Filter>
    </ClCompile>
    <ClCompile Include="..\GUI\CCControlExtension\CCControlSwitch.cpp">
      <Filter>GUI\CCControlExtension</Filter>
    </ClCompile>
    <ClCompile Include="..\GUI\CCControlExtension\CCControlUtils.cpp">
      <Filter>GUI\CCControlExtension</Filter>
    </ClCompile>
    <ClCompile Include="..\GUI\CCControlExtension\CCInvocation.cpp">
      <Filter>GUI\CCControlExtension</Filter>
    </ClCompile>
    <ClCompile Include="..\GUI\CCControlExtension\CCScale9Sprite.cpp">
      <Filter>GUI\CCControlExtension</Filter>
    </ClCompile>
    <ClCompile Include="..\GUI\CCControlExtension\CCControl.cpp">
      <Filter>GUI\CCControlExtension</Filter>
    </ClCompile>
    <ClCompile Include="..\GUI\CCControlExtension\CCControlButton.cpp">
      <Filter>GUI\CCControlExtension</Filter>
    </ClCompile>
    <ClCompile Include="..\GUI\CCEditBox\CCEditBoxImplWin.cpp">
      <Filter>GUI\CCEditBox</Filter>
    </ClCompile>
    <ClCompile Include="Win32InputBox.cpp">
      <Filter>GUI\CCEditBox</Filter>
    </ClCompile>
    <ClCompile Include="..\GUI\CCEditBox\CCEditBox.cpp">
      <Filter>GUI\CCEditBox</Filter>
    </ClCompile>
    <ClCompile Include="..\CocoStudio\Armature\animation\CCArmatureAnimation.cpp">
      <Filter>CocoStudio\Armature\animation</Filter>
    </ClCompile>
    <ClCompile Include="..\CocoStudio\Armature\animation\CCProcessBase.cpp">
      <Filter>CocoStudio\Armature\animation</Filter>
    </ClCompile>
    <ClCompile Include="..\CocoStudio\Armature\animation\CCTween.cpp">
      <Filter>CocoStudio\Armature\animation</Filter>
    </ClCompile>
    <ClCompile Include="..\CocoStudio\Armature\datas\CCDatas.cpp">
      <Filter>CocoStudio\Armature\datas</Filter>
    </ClCompile>
    <ClCompile Include="..\CocoStudio\Armature\display\CCBatchNode.cpp">
      <Filter>CocoStudio\Armature\display</Filter>
    </ClCompile>
    <ClCompile Include="..\CocoStudio\Armature\display\CCDecorativeDisplay.cpp">
      <Filter>CocoStudio\Armature\display</Filter>
    </ClCompile>
    <ClCompile Include="..\CocoStudio\Armature\display\CCDisplayFactory.cpp">
      <Filter>CocoStudio\Armature\display</Filter>
    </ClCompile>
    <ClCompile Include="..\CocoStudio\Armature\display\CCDisplayManager.cpp">
      <Filter>CocoStudio\Armature\display</Filter>
    </ClCompile>
    <ClCompile Include="..\CocoStudio\Armature\display\CCSkin.cpp">
      <Filter>CocoStudio\Armature\display</Filter>
    </ClCompile>
    <ClCompile Include="..\CocoStudio\Armature\utils\CCArmatureDataManager.cpp">
      <Filter>CocoStudio\Armature\utils</Filter>
    </ClCompile>
    <ClCompile Include="..\CocoStudio\Armature\utils\CCSpriteFrameCacheHelper.cpp">
      <Filter>CocoStudio\Armature\utils</Filter>
    </ClCompile>
    <ClCompile Include="..\CocoStudio\Armature\utils\CCTransformHelp.cpp">
      <Filter>CocoStudio\Armature\utils</Filter>
    </ClCompile>
    <ClCompile Include="..\CocoStudio\Armature\utils\CCTweenFunction.cpp">
      <Filter>CocoStudio\Armature\utils</Filter>
    </ClCompile>
    <ClCompile Include="..\CocoStudio\Armature\utils\CCUtilMath.cpp">
      <Filter>CocoStudio\Armature\utils</Filter>
    </ClCompile>
    <ClCompile Include="..\CocoStudio\Armature\CCArmature.cpp">
      <Filter>CocoStudio\Armature</Filter>
    </ClCompile>
    <ClCompile Include="..\CocoStudio\Armature\CCBone.cpp">
      <Filter>CocoStudio\Armature</Filter>
    </ClCompile>
    <ClCompile Include="..\CocoStudio\GUI\BaseClasses\UIWidget.cpp">
      <Filter>CocoStudio\GUI\BaseClasses</Filter>
    </ClCompile>
    <ClCompile Include="..\CocoStudio\GUI\Layouts\UILayoutDefine.cpp">
      <Filter>CocoStudio\GUI\Layouts</Filter>
    </ClCompile>
    <ClCompile Include="..\CocoStudio\GUI\System\CocosGUI.cpp">
      <Filter>CocoStudio\GUI\System</Filter>
    </ClCompile>
    <ClCompile Include="..\CocoStudio\GUI\System\UIHelper.cpp">
      <Filter>CocoStudio\GUI\System</Filter>
    </ClCompile>
    <ClCompile Include="..\CocoStudio\GUI\UIWidgets\ScrollWidget\UIListView.cpp">
      <Filter>CocoStudio\GUI\UIWidgets\ScrollWidget</Filter>
    </ClCompile>
    <ClCompile Include="..\CocoStudio\GUI\UIWidgets\ScrollWidget\UIPageView.cpp">
      <Filter>CocoStudio\GUI\UIWidgets\ScrollWidget</Filter>
    </ClCompile>
    <ClCompile Include="..\CocoStudio\GUI\UIWidgets\ScrollWidget\UIScrollView.cpp">
      <Filter>CocoStudio\GUI\UIWidgets\ScrollWidget</Filter>
    </ClCompile>
    <ClCompile Include="..\CocoStudio\GUI\UIWidgets\UIButton.cpp">
      <Filter>CocoStudio\GUI\UIWidgets</Filter>
    </ClCompile>
    <ClCompile Include="..\CocoStudio\GUI\UIWidgets\UICheckBox.cpp">
      <Filter>CocoStudio\GUI\UIWidgets</Filter>
    </ClCompile>
    <ClCompile Include="..\CocoStudio\GUI\UIWidgets\UIImageView.cpp">
      <Filter>CocoStudio\GUI\UIWidgets</Filter>
    </ClCompile>
    <ClCompile Include="..\CocoStudio\GUI\UIWidgets\UILabel.cpp">
      <Filter>CocoStudio\GUI\UIWidgets</Filter>
    </ClCompile>
    <ClCompile Include="..\CocoStudio\GUI\UIWidgets\UILabelAtlas.cpp">
      <Filter>CocoStudio\GUI\UIWidgets</Filter>
    </ClCompile>
    <ClCompile Include="..\CocoStudio\GUI\UIWidgets\UILabelBMFont.cpp">
      <Filter>CocoStudio\GUI\UIWidgets</Filter>
    </ClCompile>
    <ClCompile Include="..\CocoStudio\GUI\UIWidgets\UILoadingBar.cpp">
      <Filter>CocoStudio\GUI\UIWidgets</Filter>
    </ClCompile>
    <ClCompile Include="..\CocoStudio\GUI\UIWidgets\UISlider.cpp">
      <Filter>CocoStudio\GUI\UIWidgets</Filter>
    </ClCompile>
    <ClCompile Include="..\CocoStudio\GUI\UIWidgets\UITextField.cpp">
      <Filter>CocoStudio\GUI\UIWidgets</Filter>
    </ClCompile>
    <ClCompile Include="..\CocoStudio\Armature\utils\CCArmatureDefine.cpp">
      <Filter>CocoStudio\Armature\utils</Filter>
    </ClCompile>
    <ClCompile Include="..\CocoStudio\GUI\Layouts\UILayout.cpp">
      <Filter>CocoStudio\GUI\Layouts</Filter>
    </ClCompile>
    <ClCompile Include="..\CocoStudio\GUI\Layouts\UILayoutParameter.cpp">
      <Filter>CocoStudio\GUI\Layouts</Filter>
    </ClCompile>
    <ClCompile Include="..\CocoStudio\GUI\System\UITouchGroup.cpp">
      <Filter>CocoStudio\GUI\System</Filter>
    </ClCompile>
    <ClCompile Include="..\CocoStudio\GUI\UIWidgets\UIRichText.cpp">
      <Filter>CocoStudio\GUI\UIWidgets</Filter>
    </ClCompile>
    <ClCompile Include="pch.cpp" />
    <ClCompile Include="..\..\cocos2dx\support\tinyxml2\tinyxml2.cpp">
      <Filter>support</Filter>
    </ClCompile>
  </ItemGroup>
  <ItemGroup>
    <ClInclude Include="..\GUI\CCScrollView\CCScrollView.h">
      <Filter>GUI\CCScrollView</Filter>
    </ClInclude>
    <ClInclude Include="..\cocos-ext.h" />
    <ClInclude Include="..\ExtensionMacros.h" />
    <ClInclude Include="..\GUI\CCScrollView\CCSorting.h">
      <Filter>GUI\CCScrollView</Filter>
    </ClInclude>
    <ClInclude Include="..\GUI\CCScrollView\CCTableView.h">
      <Filter>GUI\CCScrollView</Filter>
    </ClInclude>
    <ClInclude Include="..\GUI\CCScrollView\CCTableViewCell.h">
      <Filter>GUI\CCScrollView</Filter>
    </ClInclude>
    <ClInclude Include="..\GUI\CCControlExtension\CCControlButton.h">
      <Filter>GUI\CCControlExtension</Filter>
    </ClInclude>
    <ClInclude Include="..\GUI\CCControlExtension\CCControlColourPicker.h">
      <Filter>GUI\CCControlExtension</Filter>
    </ClInclude>
    <ClInclude Include="..\GUI\CCControlExtension\CCControlExtensions.h">
      <Filter>GUI\CCControlExtension</Filter>
    </ClInclude>
    <ClInclude Include="..\GUI\CCControlExtension\CCControlHuePicker.h">
      <Filter>GUI\CCControlExtension</Filter>
    </ClInclude>
    <ClInclude Include="..\GUI\CCControlExtension\CCControlPotentiometer.h">
      <Filter>GUI\CCControlExtension</Filter>
    </ClInclude>
    <ClInclude Include="..\GUI\CCControlExtension\CCControlSaturationBrightnessPicker.h">
      <Filter>GUI\CCControlExtension</Filter>
    </ClInclude>
    <ClInclude Include="..\GUI\CCControlExtension\CCControlSlider.h">
      <Filter>GUI\CCControlExtension</Filter>
    </ClInclude>
    <ClInclude Include="..\GUI\CCControlExtension\CCControlStepper.h">
      <Filter>GUI\CCControlExtension</Filter>
    </ClInclude>
    <ClInclude Include="..\GUI\CCControlExtension\CCControlSwitch.h">
      <Filter>GUI\CCControlExtension</Filter>
    </ClInclude>
    <ClInclude Include="..\GUI\CCControlExtension\CCControlUtils.h">
      <Filter>GUI\CCControlExtension</Filter>
    </ClInclude>
    <ClInclude Include="..\GUI\CCControlExtension\CCInvocation.h">
      <Filter>GUI\CCControlExtension</Filter>
    </ClInclude>
    <ClInclude Include="..\GUI\CCControlExtension\CCScale9Sprite.h">
      <Filter>GUI\CCControlExtension</Filter>
    </ClInclude>
    <ClInclude Include="..\GUI\CCControlExtension\CCControl.h">
      <Filter>GUI\CCControlExtension</Filter>
    </ClInclude>
    <ClInclude Include="..\GUI\CCEditBox\CCEditBoxImplWin.h">
      <Filter>GUI\CCEditBox</Filter>
    </ClInclude>
    <ClInclude Include="Win32InputBox.h">
      <Filter>GUI\CCEditBox</Filter>
    </ClInclude>
    <ClInclude Include="..\GUI\CCEditBox\CCEditBox.h">
      <Filter>GUI\CCEditBox</Filter>
    </ClInclude>
    <ClInclude Include="..\GUI\CCEditBox\CCEditBoxImpl.h">
      <Filter>GUI\CCEditBox</Filter>
    </ClInclude>
    <ClInclude Include="..\CocoStudio\Armature\animation\CCArmatureAnimation.h">
      <Filter>CocoStudio\Armature\animation</Filter>
    </ClInclude>
    <ClInclude Include="..\CocoStudio\Armature\animation\CCProcessBase.h">
      <Filter>CocoStudio\Armature\animation</Filter>
    </ClInclude>
    <ClInclude Include="..\CocoStudio\Armature\animation\CCTween.h">
      <Filter>CocoStudio\Armature\animation</Filter>
    </ClInclude>
    <ClInclude Include="..\CocoStudio\Armature\datas\CCDatas.h">
      <Filter>CocoStudio\Armature\datas</Filter>
    </ClInclude>
    <ClInclude Include="..\CocoStudio\Armature\display\CCBatchNode.h">
      <Filter>CocoStudio\Armature\display</Filter>
    </ClInclude>
    <ClInclude Include="..\CocoStudio\Armature\display\CCDecorativeDisplay.h">
      <Filter>CocoStudio\Armature\display</Filter>
    </ClInclude>
    <ClInclude Include="..\CocoStudio\Armature\display\CCDisplayFactory.h">
      <Filter>CocoStudio\Armature\display</Filter>
    </ClInclude>
    <ClInclude Include="..\CocoStudio\Armature\display\CCDisplayManager.h">
      <Filter>CocoStudio\Armature\display</Filter>
    </ClInclude>
    <ClInclude Include="..\CocoStudio\Armature\display\CCSkin.h">
      <Filter>CocoStudio\Armature\display</Filter>
    </ClInclude>
    <ClInclude Include="..\CocoStudio\Armature\external_tool\sigslot.h">
      <Filter>CocoStudio\Armature\external_tool</Filter>
    </ClInclude>
    <ClInclude Include="..\CocoStudio\Armature\utils\CCArmatureDataManager.h">
      <Filter>CocoStudio\Armature\utils</Filter>
    </ClInclude>
    <ClInclude Include="..\CocoStudio\Armature\utils\CCArmatureDefine.h">
      <Filter>CocoStudio\Armature\utils</Filter>
    </ClInclude>
    <ClInclude Include="..\CocoStudio\Armature\utils\CCSpriteFrameCacheHelper.h">
      <Filter>CocoStudio\Armature\utils</Filter>
    </ClInclude>
    <ClInclude Include="..\CocoStudio\Armature\utils\CCTransformHelp.h">
      <Filter>CocoStudio\Armature\utils</Filter>
    </ClInclude>
    <ClInclude Include="..\CocoStudio\Armature\utils\CCTweenFunction.h">
      <Filter>CocoStudio\Armature\utils</Filter>
    </ClInclude>
    <ClInclude Include="..\CocoStudio\Armature\utils\CCUtilMath.h">
      <Filter>CocoStudio\Armature\utils</Filter>
    </ClInclude>
    <ClInclude Include="..\CocoStudio\Armature\CCArmature.h">
      <Filter>CocoStudio\Armature</Filter>
    </ClInclude>
    <ClInclude Include="..\CocoStudio\Armature\CCBone.h">
      <Filter>CocoStudio\Armature</Filter>
    </ClInclude>
    <ClInclude Include="..\CocoStudio\GUI\BaseClasses\UIWidget.h">
      <Filter>CocoStudio\GUI\BaseClasses</Filter>
    </ClInclude>
    <ClInclude Include="..\CocoStudio\GUI\Layouts\UILayoutDefine.h">
      <Filter>CocoStudio\GUI\Layouts</Filter>
    </ClInclude>
    <ClInclude Include="..\CocoStudio\GUI\System\CocosGUI.h">
      <Filter>CocoStudio\GUI\System</Filter>
    </ClInclude>
    <ClInclude Include="..\CocoStudio\GUI\System\UIHelper.h">
      <Filter>CocoStudio\GUI\System</Filter>
    </ClInclude>
    <ClInclude Include="..\CocoStudio\GUI\UIWidgets\Compatible\CompatibleClasses.h">
      <Filter>CocoStudio\GUI\UIWidgets\Compatible</Filter>
    </ClInclude>
    <ClInclude Include="..\CocoStudio\GUI\UIWidgets\ScrollWidget\UIListView.h">
      <Filter>CocoStudio\GUI\UIWidgets\ScrollWidget</Filter>
    </ClInclude>
    <ClInclude Include="..\CocoStudio\GUI\UIWidgets\ScrollWidget\UIPageView.h">
      <Filter>CocoStudio\GUI\UIWidgets\ScrollWidget</Filter>
    </ClInclude>
    <ClInclude Include="..\CocoStudio\GUI\UIWidgets\ScrollWidget\UIScrollInterface.h">
      <Filter>CocoStudio\GUI\UIWidgets\ScrollWidget</Filter>
    </ClInclude>
    <ClInclude Include="..\CocoStudio\GUI\UIWidgets\ScrollWidget\UIScrollView.h">
      <Filter>CocoStudio\GUI\UIWidgets\ScrollWidget</Filter>
    </ClInclude>
    <ClInclude Include="..\CocoStudio\GUI\UIWidgets\UIButton.h">
      <Filter>CocoStudio\GUI\UIWidgets</Filter>
    </ClInclude>
    <ClInclude Include="..\CocoStudio\GUI\UIWidgets\UICheckBox.h">
      <Filter>CocoStudio\GUI\UIWidgets</Filter>
    </ClInclude>
    <ClInclude Include="..\CocoStudio\GUI\UIWidgets\UIImageView.h">
      <Filter>CocoStudio\GUI\UIWidgets</Filter>
    </ClInclude>
    <ClInclude Include="..\CocoStudio\GUI\UIWidgets\UILabel.h">
      <Filter>CocoStudio\GUI\UIWidgets</Filter>
    </ClInclude>
    <ClInclude Include="..\CocoStudio\GUI\UIWidgets\UILabelAtlas.h">
      <Filter>CocoStudio\GUI\UIWidgets</Filter>
    </ClInclude>
    <ClInclude Include="..\CocoStudio\GUI\UIWidgets\UILabelBMFont.h">
      <Filter>CocoStudio\GUI\UIWidgets</Filter>
    </ClInclude>
    <ClInclude Include="..\CocoStudio\GUI\UIWidgets\UILoadingBar.h">
      <Filter>CocoStudio\GUI\UIWidgets</Filter>
    </ClInclude>
    <ClInclude Include="..\CocoStudio\GUI\UIWidgets\UISlider.h">
      <Filter>CocoStudio\GUI\UIWidgets</Filter>
    </ClInclude>
    <ClInclude Include="..\CocoStudio\GUI\UIWidgets\UITextField.h">
      <Filter>CocoStudio\GUI\UIWidgets</Filter>
    </ClInclude>
    <ClInclude Include="..\CocoStudio\GUI\Layouts\UILayout.h">
      <Filter>CocoStudio\GUI\Layouts</Filter>
    </ClInclude>
    <ClInclude Include="..\CocoStudio\GUI\Layouts\UILayoutParameter.h">
      <Filter>CocoStudio\GUI\Layouts</Filter>
    </ClInclude>
    <ClInclude Include="..\CocoStudio\GUI\System\UITouchGroup.h">
      <Filter>CocoStudio\GUI\System</Filter>
    </ClInclude>
    <ClInclude Include="..\CocoStudio\GUI\UIWidgets\UIRichText.h">
      <Filter>CocoStudio\GUI\UIWidgets</Filter>
    </ClInclude>
    <ClInclude Include="..\ExtensionExport.h" />
    <ClInclude Include="pch.h" />
    <ClInclude Include="..\..\cocos2dx\support\tinyxml2\tinyxml2.h">
      <Filter>support</Filter>
    </ClInclude>
  </ItemGroup>
</Project>